<?xml version="1.0" encoding="utf-8"?>
<Project ToolsVersion="4.0" xmlns="http://schemas.microsoft.com/developer/msbuild/2003">
  <ItemGroup>
    <Filter Include="Archivos de recursos">
      <UniqueIdentifier>{67DA6AB6-F800-4c08-8B7A-83BB121AAD01}</UniqueIdentifier>
      <Extensions>rc;ico;cur;bmp;dlg;rc2;rct;bin;rgs;gif;jpg;jpeg;jpe;resx;tiff;tif;png;wav;mfcribbon-ms</Extensions>
    </Filter>
    <Filter Include="Source">
      <UniqueIdentifier>{32b7831b-c941-4ffc-b92e-be4b1649742a}</UniqueIdentifier>
    </Filter>
    <Filter Include="Source\Window">
      <UniqueIdentifier>{eb5a0ed6-109c-4d83-a574-86e8218de162}</UniqueIdentifier>
    </Filter>
    <Filter Include="Source\Coco2">
      <UniqueIdentifier>{31ecca02-6fbf-4f3e-bb57-d135b8901a96}</UniqueIdentifier>
    </Filter>
    <Filter Include="Source\Entities">
      <UniqueIdentifier>{22d41703-3333-4a39-8edd-4a04304dcd30}</UniqueIdentifier>
    </Filter>
    <Filter Include="Source\Entities\EntityBase">
      <UniqueIdentifier>{1522c436-144b-40e3-a0c9-ee819fdea6de}</UniqueIdentifier>
    </Filter>
    <Filter Include="Source\Extras">
      <UniqueIdentifier>{5ea45790-65ad-4fed-a6fc-7d6b20c03541}</UniqueIdentifier>
    </Filter>
    <Filter Include="Source\Entities\EntityBase\Shapes">
      <UniqueIdentifier>{49d5d9e4-7d6b-4b69-8e73-27a2d4795dd2}</UniqueIdentifier>
    </Filter>
    <Filter Include="Source\Entities\EntityBase\Shapes\2D">
      <UniqueIdentifier>{6e0fa2f8-f0db-4ee6-b38d-72cbb17b18e4}</UniqueIdentifier>
    </Filter>
    <Filter Include="Source\Entities\EntityBase\Shapes\2D\Triangle">
      <UniqueIdentifier>{3bed5625-26c8-4296-b2e4-2bd1f0341f33}</UniqueIdentifier>
    </Filter>
    <Filter Include="Source\Entities\EntityBase\Shapes\2D\Square">
      <UniqueIdentifier>{bc94883c-5252-4933-8be8-0689949651be}</UniqueIdentifier>
    </Filter>
    <Filter Include="Source\Entities\EntityBase\Shapes\3D">
      <UniqueIdentifier>{ff2778f6-49dd-4592-b155-fbfa567d34dc}</UniqueIdentifier>
    </Filter>
    <Filter Include="Source\Shader">
      <UniqueIdentifier>{96475113-7bd2-480f-96e9-9a7d211f04a4}</UniqueIdentifier>
    </Filter>
    <Filter Include="Source\Texture">
      <UniqueIdentifier>{3d750019-72c0-4a33-a6e8-98edb9bb13bd}</UniqueIdentifier>
    </Filter>
    <Filter Include="Source\Timer">
      <UniqueIdentifier>{3065c640-e688-4606-9f1e-cc10d48afe44}</UniqueIdentifier>
    </Filter>
    <Filter Include="Source\Camera">
      <UniqueIdentifier>{e4df133f-6033-496b-8e25-e551667dba85}</UniqueIdentifier>
    </Filter>
  </ItemGroup>
  <ItemGroup>
    <ClCompile Include="src\Window\Window.cpp">
      <Filter>Source\Window</Filter>
    </ClCompile>
    <ClCompile Include="src\Coco2\Coco2.cpp">
      <Filter>Source\Coco2</Filter>
    </ClCompile>
    <ClCompile Include="src\Entities\EntityBase.cpp">
      <Filter>Source\Entities\EntityBase</Filter>
    </ClCompile>
    <ClCompile Include="src\Entities\Shapes\Shape.cpp">
      <Filter>Source\Entities\EntityBase\Shapes</Filter>
    </ClCompile>
    <ClCompile Include="src\Entities\Shapes\2D\Triangle\Triangle.cpp">
      <Filter>Source\Entities\EntityBase\Shapes\2D\Triangle</Filter>
    </ClCompile>
    <ClCompile Include="src\Entities\Shapes\2D\Square\Square.cpp">
      <Filter>Source\Entities\EntityBase\Shapes\2D\Square</Filter>
    </ClCompile>
    <ClCompile Include="src\Extras\Coco2Maths.cpp">
      <Filter>Source\Extras</Filter>
    </ClCompile>
    <ClCompile Include="src\Shader\Shader.cpp">
      <Filter>Source\Shader</Filter>
    </ClCompile>
    <ClCompile Include="src\Texture\Texture.cpp">
      <Filter>Source\Texture</Filter>
    </ClCompile>
    <ClCompile Include="src\Timer\Timer.cpp">
      <Filter>Source\Timer</Filter>
    </ClCompile>
    <ClCompile Include="src\Camera\Camera.cpp">
      <Filter>Source\Camera</Filter>
    </ClCompile>
    <ClCompile Include="src\Extras\GameplayStatics.cpp">
      <Filter>Source\Extras</Filter>
    </ClCompile>
  </ItemGroup>
  <ItemGroup>
    <ClInclude Include="src\Window\Window.h">
      <Filter>Source\Window</Filter>
    </ClInclude>
    <ClInclude Include="src\Coco2\Coco2.h">
      <Filter>Source\Coco2</Filter>
    </ClInclude>
    <ClInclude Include="src\Entities\EntityBase.h">
      <Filter>Source\Entities\EntityBase</Filter>
    </ClInclude>
    <ClInclude Include="src\Entities\Shapes\Shape.h">
      <Filter>Source\Entities\EntityBase\Shapes</Filter>
    </ClInclude>
    <ClInclude Include="src\Entities\Shapes\2D\Triangle\Triangle.h">
      <Filter>Source\Entities\EntityBase\Shapes\2D\Triangle</Filter>
    </ClInclude>
    <ClInclude Include="src\Entities\Shapes\2D\Square\Square.h">
      <Filter>Source\Entities\EntityBase\Shapes\2D\Square</Filter>
    </ClInclude>
    <ClInclude Include="src\Extras\Coco2Maths.h">
      <Filter>Source\Extras</Filter>
    </ClInclude>
    <ClInclude Include="src\Shader\Shader.h">
      <Filter>Source\Shader</Filter>
    </ClInclude>
    <ClInclude Include="src\Texture\Texture.h">
      <Filter>Source\Texture</Filter>
    </ClInclude>
    <ClInclude Include="src\Texture\stb_image.h">
      <Filter>Source\Texture</Filter>
    </ClInclude>
    <ClInclude Include="src\Timer\Timer.h">
      <Filter>Source\Timer</Filter>
    </ClInclude>
    <ClInclude Include="src\Camera\Camera.h">
      <Filter>Source\Camera</Filter>
    </ClInclude>
    <ClInclude Include="src\Extras\GameplayStatics.h">
      <Filter>Source\Extras</Filter>
    </ClInclude>
  </ItemGroup>
  <ItemGroup>
    <None Include="Shaders\fragment.shader">
      <Filter>Source\Shader</Filter>
    </None>
    <None Include="Shaders\vertex.shader">
      <Filter>Source\Shader</Filter>
    </None>
  </ItemGroup>
</Project>